
Microsoft Visual Studio Solution File, Format Version 12.00
# Visual Studio Version 16
VisualStudioVersion = 16.0.32002.261
MinimumVisualStudioVersion = 10.0.40219.1
Project("{FAE04EC0-301F-11D3-BF4B-00C04F79EFBC}") = "StudentsAPP", "StudentsAPP\StudentsAPP.csproj", "{07DDF5E4-DC0F-498B-96E0-671E87C576E3}"
EndProject
Global
	GlobalSection(SolutionConfigurationPlatforms) = preSolution
		Debug|Any CPU = Debug|Any CPU
		Release|Any CPU = Release|Any CPU
	EndGlobalSection
	GlobalSection(ProjectConfigurationPlatforms) = postSolution
		{07DDF5E4-DC0F-498B-96E0-671E87C576E3}.Debug|Any CPU.ActiveCfg = Debug|Any CPU
		{07DDF5E4-DC0F-498B-96E0-671E87C576E3}.Debug|Any CPU.Build.0 = Debug|Any CPU
		{07DDF5E4-DC0F-498B-96E0-671E87C576E3}.Release|Any CPU.ActiveCfg = Release|Any CPU
		{07DDF5E4-DC0F-498B-96E0-671E87C576E3}.Release|Any CPU.Build.0 = Release|Any CPU
	EndGlobalSection
	GlobalSection(SolutionProperties) = preSolution
		HideSolutionNode = FALSE
	EndGlobalSection
	GlobalSection(ExtensibilityGlobals) = postSolution
		SolutionGuid = {1F1FA8A2-477C-4A6D-8A8C-1FA8D47CF48E}
	EndGlobalSection
EndGlobal
